
Microsoft Visual Studio Solution File, Format Version 12.00
# Visual Studio Version 17
VisualStudioVersion = 17.6.33723.286
MinimumVisualStudioVersion = 10.0.40219.1
Project("{FAE04EC0-301F-11D3-BF4B-00C04F79EFBC}") = "과제", "함수 쪼개기\과제.csproj", "{9CDF8E99-6514-4237-9E51-AEA803D8B451}"
EndProject
Global
	GlobalSection(SolutionConfigurationPlatforms) = preSolution
		Debug|Any CPU = Debug|Any CPU
		Release|Any CPU = Release|Any CPU
	EndGlobalSection
	GlobalSection(ProjectConfigurationPlatforms) = postSolution
		{9CDF8E99-6514-4237-9E51-AEA803D8B451}.Debug|Any CPU.ActiveCfg = Debug|Any CPU
		{9CDF8E99-6514-4237-9E51-AEA803D8B451}.Debug|Any CPU.Build.0 = Debug|Any CPU
		{9CDF8E99-6514-4237-9E51-AEA803D8B451}.Release|Any CPU.ActiveCfg = Release|Any CPU
		{9CDF8E99-6514-4237-9E51-AEA803D8B451}.Release|Any CPU.Build.0 = Release|Any CPU
	EndGlobalSection
	GlobalSection(SolutionProperties) = preSolution
		HideSolutionNode = FALSE
	EndGlobalSection
	GlobalSection(ExtensibilityGlobals) = postSolution
		SolutionGuid = {C386D5C4-7AFC-413B-8F60-FC27E3385CDD}
	EndGlobalSection
EndGlobal
