
Microsoft Visual Studio Solution File, Format Version 12.00
# Visual Studio Version 17
VisualStudioVersion = 17.6.33723.286
MinimumVisualStudioVersion = 10.0.40219.1
Project("{FAE04EC0-301F-11D3-BF4B-00C04F79EFBC}") = "2023-06-12 틱택토", "2023-06-12 틱택토\2023-06-12 틱택토.csproj", "{CFABF0A2-08D3-402D-BEBC-C7429BBF2354}"
EndProject
Global
	GlobalSection(SolutionConfigurationPlatforms) = preSolution
		Debug|Any CPU = Debug|Any CPU
		Release|Any CPU = Release|Any CPU
	EndGlobalSection
	GlobalSection(ProjectConfigurationPlatforms) = postSolution
		{CFABF0A2-08D3-402D-BEBC-C7429BBF2354}.Debug|Any CPU.ActiveCfg = Debug|Any CPU
		{CFABF0A2-08D3-402D-BEBC-C7429BBF2354}.Debug|Any CPU.Build.0 = Debug|Any CPU
		{CFABF0A2-08D3-402D-BEBC-C7429BBF2354}.Release|Any CPU.ActiveCfg = Release|Any CPU
		{CFABF0A2-08D3-402D-BEBC-C7429BBF2354}.Release|Any CPU.Build.0 = Release|Any CPU
	EndGlobalSection
	GlobalSection(SolutionProperties) = preSolution
		HideSolutionNode = FALSE
	EndGlobalSection
	GlobalSection(ExtensibilityGlobals) = postSolution
		SolutionGuid = {21DD3A76-F159-4B9F-8786-AE701D24A90C}
	EndGlobalSection
EndGlobal
